NeoBundleLock neobundle.vim a5e24651d75f875785b50cdedfd328d9300cd484
NeoBundleLock neocomplete-rsense.vim a8b7460a41eb96aa1c9e49b231dd95e216c8dc2d
NeoBundleLock neocomplete.vim 87fd3137ac9049517b0bd3549431689f6a159ba5
NeoBundleLock rsense 2952a54972cf927d5419085d1867b65ff7ab0d41
NeoBundleLock syntastic 544acba17dbc72ca84951c29d774e317914d8a0d
NeoBundleLock vim-endwise f06abe3d6eca6f6ebfc31ea3163a51575f450df6
NeoBundleLock vim-ref 007b0ac409100cf2b83eb7dace5c8235e3737fef
NeoBundleLock vim-ref-ri e3a2dbb71af73bf15c9c2134cc3630edc60331eb
NeoBundleLock vim-tags 65a745ba545f16867a2281be57492b7c9e639ff1
NeoBundleLock vimdoc-ja a108a87a28637016e0bef7d7706c8e8105669737
