NeoBundleLock neobundle.vim 2634caebef78bab90b52ee246130a4b100d6e229
NeoBundleLock neocomplete-rsense.vim a8b7460a41eb96aa1c9e49b231dd95e216c8dc2d
NeoBundleLock neocomplete.vim a9fdf5cfee585f1ce99c55a6de8ac5d0e7515fe4
NeoBundleLock rsense 2952a54972cf927d5419085d1867b65ff7ab0d41
NeoBundleLock syntastic d1a179d750bd1d136d7f38e69f2c5b8439886de7
NeoBundleLock vim-endwise 0067ceda37725d01b7bd5bf249d63b1b5d4e2ab4
NeoBundleLock vim-ref 007b0ac409100cf2b83eb7dace5c8235e3737fef
NeoBundleLock vim-ref-ri e3a2dbb71af73bf15c9c2134cc3630edc60331eb
NeoBundleLock vim-tags e75dea76e488d9208ed73c53c46a4abee2695115
